# THIS IS AN AUTOGENERATED FILE. DO NOT EDIT THIS FILE DIRECTLY.
# yarn lockfile v1


"@fortawesome/fontawesome-free@^6.6.0":
  version "6.6.0"
  resolved "https://registry.yarnpkg.com/@fortawesome/fontawesome-free/-/fontawesome-free-6.6.0.tgz#0e984f0f2344ee513c185d87d77defac4c0c8224"
  integrity sha512-60G28ke/sXdtS9KZCpZSHHkCbdsOGEhIUGlwq6yhY74UpTiToIh8np7A8yphhM4BWsvNFtIvLpi4co+h9Mr9Ow==

academicons@^1.9.2:
  version "1.9.2"
  resolved "https://registry.yarnpkg.com/academicons/-/academicons-1.9.2.tgz#6b1ce8acfa4e657b28fb11ab9cac60d5dc6b16e5"
  integrity sha512-LjlkK1E/daUUWqMJOXa/YeXL26K0FmN3cdyILgGCJKgo5bzgVYOO712DZDREzETrrC0MnKui8/hGYpM8kCTgZg==

normalize-scss@^8.0.0:
  version "8.0.0"
  resolved "https://registry.yarnpkg.com/normalize-scss/-/normalize-scss-8.0.0.tgz#d51d0dc5929bb5fb107de213e14e5d02430ef863"
  integrity sha512-C6GXIxQ2LOYWrde27xWbONavmybobxp+V6TY8BiBJw5M+yMNEg2R0WjaeDtmP5JsunFYKvFOvgMAIC0/OxZuJQ==
